Microsoft Visual Studio Solution File, Format Version 12.00
# Visual Studio Version 17
VisualStudioVersion = 17.0.31903.59
MinimumVisualStudioVersion = 10.0.40219.1
Project("{FAE04EC0-301F-11D3-BF4B-00C04F79EFBC}") = "Portfolio.API", "src\Portfolio.API\Portfolio.API.csproj", "{0C56C8E6-69A2-46C2-9E58-AC7E97C2A001}"
EndProject
Project("{FAE04EC0-301F-11D3-BF4B-00C04F79EFBC}") = "Portfolio.Application", "src\Portfolio.Application\Portfolio.Application.csproj", "{0C56C8E6-69A2-46C2-9E58-AC7E97C2A002}"
EndProject
Project("{FAE04EC0-301F-11D3-BF4B-00C04F79EFBC}") = "Portfolio.Infrastructure", "src\Portfolio.Infrastructure\Portfolio.Infrastructure.csproj", "{0C56C8E6-69A2-46C2-9E58-AC7E97C2A003}"
EndProject
Project("{FAE04EC0-301F-11D3-BF4B-00C04F79EFBC}") = "Portfolio.Domain", "src\Portfolio.Domain\Portfolio.Domain.csproj", "{0C56C8E6-69A2-46C2-9E58-AC7E97C2A004}"
EndProject
Global
	GlobalSection(SolutionConfigurationPlatforms) = preSolution
		Debug|Any CPU = Debug|Any CPU
		Release|Any CPU = Release|Any CPU
	EndGlobalSection
	GlobalSection(ProjectConfigurationPlatforms) = postSolution
		{0C56C8E6-69A2-46C2-9E58-AC7E97C2A001}.Debug|Any CPU.ActiveCfg = Debug|Any CPU
		{0C56C8E6-69A2-46C2-9E58-AC7E97C2A001}.Debug|Any CPU.Build.0 = Debug|Any CPU
		{0C56C8E6-69A2-46C2-9E58-AC7E97C2A001}.Release|Any CPU.ActiveCfg = Release|Any CPU
		{0C56C8E6-69A2-46C2-9E58-AC7E97C2A001}.Release|Any CPU.Build.0 = Release|Any CPU
		{0C56C8E6-69A2-46C2-9E58-AC7E97C2A002}.Debug|Any CPU.ActiveCfg = Debug|Any CPU
		{0C56C8E6-69A2-46C2-9E58-AC7E97C2A002}.Debug|Any CPU.Build.0 = Debug|Any CPU
		{0C56C8E6-69A2-46C2-9E58-AC7E97C2A002}.Release|Any CPU.ActiveCfg = Release|Any CPU
		{0C56C8E6-69A2-46C2-9E58-AC7E97C2A002}.Release|Any CPU.Build.0 = Release|Any CPU
		{0C56C8E6-69A2-46C2-9E58-AC7E97C2A003}.Debug|Any CPU.ActiveCfg = Debug|Any CPU
		{0C56C8E6-69A2-46C2-9E58-AC7E97C2A003}.Debug|Any CPU.Build.0 = Debug|Any CPU
		{0C56C8E6-69A2-46C2-9E58-AC7E97C2A003}.Release|Any CPU.ActiveCfg = Release|Any CPU
		{0C56C8E6-69A2-46C2-9E58-AC7E97C2A003}.Release|Any CPU.Build.0 = Release|Any CPU
		{0C56C8E6-69A2-46C2-9E58-AC7E97C2A004}.Debug|Any CPU.ActiveCfg = Debug|Any CPU
		{0C56C8E6-69A2-46C2-9E58-AC7E97C2A004}.Debug|Any CPU.Build.0 = Debug|Any CPU
		{0C56C8E6-69A2-46C2-9E58-AC7E97C2A004}.Release|Any CPU.ActiveCfg = Release|Any CPU
		{0C56C8E6-69A2-46C2-9E58-AC7E97C2A004}.Release|Any CPU.Build.0 = Release|Any CPU
	EndGlobalSection
	GlobalSection(SolutionProperties) = preSolution
		HideSolutionNode = FALSE
	EndGlobalSection
EndGlobal
